
Microsoft Visual Studio Solution File, Format Version 12.00
# Visual Studio Version 17
VisualStudioVersion = 17.5.002.0
MinimumVisualStudioVersion = 10.0.40219.1
Project("{9A19103F-16F7-4668-BE54-9A1E7A4F7556}") = "Cofee", "Cofee.csproj", "{8FCE7967-4503-4843-A5E5-F659933251DB}"
EndProject
Global
	GlobalSection(SolutionConfigurationPlatforms) = preSolution
		Debug|Any CPU = Debug|Any CPU
		Release|Any CPU = Release|Any CPU
	EndGlobalSection
	GlobalSection(ProjectConfigurationPlatforms) = postSolution
		{8FCE7967-4503-4843-A5E5-F659933251DB}.Debug|Any CPU.ActiveCfg = Debug|Any CPU
		{8FCE7967-4503-4843-A5E5-F659933251DB}.Debug|Any CPU.Build.0 = Debug|Any CPU
		{8FCE7967-4503-4843-A5E5-F659933251DB}.Release|Any CPU.ActiveCfg = Release|Any CPU
		{8FCE7967-4503-4843-A5E5-F659933251DB}.Release|Any CPU.Build.0 = Release|Any CPU
	EndGlobalSection
	GlobalSection(SolutionProperties) = preSolution
		HideSolutionNode = FALSE
	EndGlobalSection
	GlobalSection(ExtensibilityGlobals) = postSolution
		SolutionGuid = {9883129C-35DC-48C6-A0D9-16060250FCFC}
	EndGlobalSection
EndGlobal
